
Microsoft Visual Studio Solution File, Format Version 12.00
# Visual Studio Version 17
VisualStudioVersion = 17.3.32922.545
MinimumVisualStudioVersion = 10.0.40219.1
Project("{FAE04EC0-301F-11D3-BF4B-00C04F79EFBC}") = "EventGarden.Entities", "EventGarden.Entities\EventGarden.Entities.csproj", "{9A5F82AB-7105-4553-816A-C88DDF3C9EA4}"
EndProject
Project("{FAE04EC0-301F-11D3-BF4B-00C04F79EFBC}") = "EventGarden.DTOs", "EventGarden.DTOs\EventGarden.DTOs.csproj", "{5427228F-E8AA-4405-9162-F452A753068F}"
EndProject
Project("{FAE04EC0-301F-11D3-BF4B-00C04F79EFBC}") = "EventGarden.BLL", "EventGarden.BLL\EventGarden.BLL.csproj", "{43DA15F4-5F0D-4CD0-9747-A164932A4991}"
EndProject
Project("{FAE04EC0-301F-11D3-BF4B-00C04F79EFBC}") = "EventGarden.DAL", "EventGarden.DAL\EventGarden.DAL.csproj", "{E9F771BD-2E10-423D-8D18-46AAD1908EB5}"
EndProject
Project("{FAE04EC0-301F-11D3-BF4B-00C04F79EFBC}") = "EventGarden.Common", "EventGarden.Common\EventGarden.Common.csproj", "{ABA3813B-8F2B-4B5E-911E-7E905F4BCDCB}"
EndProject
Project("{FAE04EC0-301F-11D3-BF4B-00C04F79EFBC}") = "EventGarden.PL", "EventGarden.PL\EventGarden.PL.csproj", "{3D807114-5DDA-479E-B1D6-82D054E2134E}"
EndProject
Global
	GlobalSection(SolutionConfigurationPlatforms) = preSolution
		Debug|Any CPU = Debug|Any CPU
		Release|Any CPU = Release|Any CPU
	EndGlobalSection
	GlobalSection(ProjectConfigurationPlatforms) = postSolution
		{9A5F82AB-7105-4553-816A-C88DDF3C9EA4}.Debug|Any CPU.ActiveCfg = Debug|Any CPU
		{9A5F82AB-7105-4553-816A-C88DDF3C9EA4}.Debug|Any CPU.Build.0 = Debug|Any CPU
		{9A5F82AB-7105-4553-816A-C88DDF3C9EA4}.Release|Any CPU.ActiveCfg = Release|Any CPU
		{9A5F82AB-7105-4553-816A-C88DDF3C9EA4}.Release|Any CPU.Build.0 = Release|Any CPU
		{5427228F-E8AA-4405-9162-F452A753068F}.Debug|Any CPU.ActiveCfg = Debug|Any CPU
		{5427228F-E8AA-4405-9162-F452A753068F}.Debug|Any CPU.Build.0 = Debug|Any CPU
		{5427228F-E8AA-4405-9162-F452A753068F}.Release|Any CPU.ActiveCfg = Release|Any CPU
		{5427228F-E8AA-4405-9162-F452A753068F}.Release|Any CPU.Build.0 = Release|Any CPU
		{43DA15F4-5F0D-4CD0-9747-A164932A4991}.Debug|Any CPU.ActiveCfg = Debug|Any CPU
		{43DA15F4-5F0D-4CD0-9747-A164932A4991}.Debug|Any CPU.Build.0 = Debug|Any CPU
		{43DA15F4-5F0D-4CD0-9747-A164932A4991}.Release|Any CPU.ActiveCfg = Release|Any CPU
		{43DA15F4-5F0D-4CD0-9747-A164932A4991}.Release|Any CPU.Build.0 = Release|Any CPU
		{E9F771BD-2E10-423D-8D18-46AAD1908EB5}.Debug|Any CPU.ActiveCfg = Debug|Any CPU
		{E9F771BD-2E10-423D-8D18-46AAD1908EB5}.Debug|Any CPU.Build.0 = Debug|Any CPU
		{E9F771BD-2E10-423D-8D18-46AAD1908EB5}.Release|Any CPU.ActiveCfg = Release|Any CPU
		{E9F771BD-2E10-423D-8D18-46AAD1908EB5}.Release|Any CPU.Build.0 = Release|Any CPU
		{ABA3813B-8F2B-4B5E-911E-7E905F4BCDCB}.Debug|Any CPU.ActiveCfg = Debug|Any CPU
		{ABA3813B-8F2B-4B5E-911E-7E905F4BCDCB}.Debug|Any CPU.Build.0 = Debug|Any CPU
		{ABA3813B-8F2B-4B5E-911E-7E905F4BCDCB}.Release|Any CPU.ActiveCfg = Release|Any CPU
		{ABA3813B-8F2B-4B5E-911E-7E905F4BCDCB}.Release|Any CPU.Build.0 = Release|Any CPU
		{3D807114-5DDA-479E-B1D6-82D054E2134E}.Debug|Any CPU.ActiveCfg = Debug|Any CPU
		{3D807114-5DDA-479E-B1D6-82D054E2134E}.Debug|Any CPU.Build.0 = Debug|Any CPU
		{3D807114-5DDA-479E-B1D6-82D054E2134E}.Release|Any CPU.ActiveCfg = Release|Any CPU
		{3D807114-5DDA-479E-B1D6-82D054E2134E}.Release|Any CPU.Build.0 = Release|Any CPU
	EndGlobalSection
	GlobalSection(SolutionProperties) = preSolution
		HideSolutionNode = FALSE
	EndGlobalSection
	GlobalSection(ExtensibilityGlobals) = postSolution
		SolutionGuid = {B99AF570-54D4-491F-AAB3-6B91770399E8}
	EndGlobalSection
EndGlobal
